// !$*UTF8*$!
{
	archiveVersion = 1;
	classes = {
	};
	objectVersion = 77;
	objects = {

/* Begin PBXBuildFile section */
		0DE78BA22EC78D8500821E6C /* README.md in Resources */ = {isa = PBXBuildFile; fileRef = 0DE78BA02EC78D8500821E6C /* README.md */; };
		0DE78BA32EC78D8500821E6C /* AppConstantsTests.swift in Sources */ = {isa = PBXBuildFile; fileRef = 0DE78B8D2EC78D8500821E6C /* AppConstantsTests.swift */; };
		0DE78BA42EC78D8500821E6C /* IntegrationWorkflowTests.swift in Sources */ = {isa = PBXBuildFile; fileRef = 0DE78B882EC78D8500821E6C /* IntegrationWorkflowTests.swift */; };
		0DE78BA52EC78D8500821E6C /* PhotoStoreTests.swift in Sources */ = {isa = PBXBuildFile; fileRef = 0DE78B892EC78D8500821E6C /* PhotoStoreTests.swift */; };
		0DE78BA62EC78D8500821E6C /* CameraViewModelTests.swift in Sources */ = {isa = PBXBuildFile; fileRef = 0DE78B9D2EC78D8500821E6C /* CameraViewModelTests.swift */; };
		0DE78BA72EC78D8500821E6C /* CameraServiceTests.swift in Sources */ = {isa = PBXBuildFile; fileRef = 0DE78B952EC78D8500821E6C /* CameraServiceTests.swift */; };
		0DE78BA82EC78D8500821E6C /* ReviewAndReminderServicesTests.swift in Sources */ = {isa = PBXBuildFile; fileRef = 0DE78B972EC78D8500821E6C /* ReviewAndReminderServicesTests.swift */; };
		0DE78BA92EC78D8500821E6C /* HealthKitServiceTests.swift in Sources */ = {isa = PBXBuildFile; fileRef = 0DE78B962EC78D8500821E6C /* HealthKitServiceTests.swift */; };
		0DE78BAA2EC78D8500821E6C /* HapticFeedbackTests.swift in Sources */ = {isa = PBXBuildFile; fileRef = 0DE78B9A2EC78D8500821E6C /* HapticFeedbackTests.swift */; };
		0DE78BAB2EC78D8500821E6C /* DateFormattersTests.swift in Sources */ = {isa = PBXBuildFile; fileRef = 0DE78B992EC78D8500821E6C /* DateFormattersTests.swift */; };
		0DE78BAC2EC78D8500821E6C /* ModelRelationshipTests.swift in Sources */ = {isa = PBXBuildFile; fileRef = 0DE78B922EC78D8500821E6C /* ModelRelationshipTests.swift */; };
		0DE78BAD2EC78D8500821E6C /* StatsFormattersTests.swift in Sources */ = {isa = PBXBuildFile; fileRef = 0DE78B9B2EC78D8500821E6C /* StatsFormattersTests.swift */; };
		0DE78BAE2EC78D8500821E6C /* MeasureUnitTests.swift in Sources */ = {isa = PBXBuildFile; fileRef = 0DE78B912EC78D8500821E6C /* MeasureUnitTests.swift */; };
		0DE78BAF2EC78D8500821E6C /* UserProfileTests.swift in Sources */ = {isa = PBXBuildFile; fileRef = 0DE78B932EC78D8500821E6C /* UserProfileTests.swift */; };
		0DE78BB02EC78D8500821E6C /* AlignTransformTests.swift in Sources */ = {isa = PBXBuildFile; fileRef = 0DE78B8F2EC78D8500821E6C /* AlignTransformTests.swift */; };
		0DE78BB12EC78D8500821E6C /* MeasurementTypeTests.swift in Sources */ = {isa = PBXBuildFile; fileRef = 0DE78B902EC78D8500821E6C /* MeasurementTypeTests.swift */; };
		0DE78BB22EC78D8500821E6C /* PerformanceBenchmarkTests.swift in Sources */ = {isa = PBXBuildFile; fileRef = 0DE78B8B2EC78D8500821E6C /* PerformanceBenchmarkTests.swift */; };
/* End PBXBuildFile section */

/* Begin PBXContainerItemProxy section */
		0DD0ED022E73273300E9819F /* PBXContainerItemProxy */ = {
			isa = PBXContainerItemProxy;
			containerPortal = 0DD0ECEC2E73273200E9819F /* Project object */;
			proxyType = 1;
			remoteGlobalIDString = 0DD0ECF32E73273200E9819F;
			remoteInfo = ProgressPic;
		};
		0DD0ED0C2E73273300E9819F /* PBXContainerItemProxy */ = {
			isa = PBXContainerItemProxy;
			containerPortal = 0DD0ECEC2E73273200E9819F /* Project object */;
			proxyType = 1;
			remoteGlobalIDString = 0DD0ECF32E73273200E9819F;
			remoteInfo = ProgressPic;
		};
/* End PBXContainerItemProxy section */

/* Begin PBXFileReference section */
		0DD0ECF42E73273200E9819F /* ProgressPic.app */ = {isa = PBXFileReference; explicitFileType = wrapper.application; includeInIndex = 0; path = ProgressPic.app; sourceTree = BUILT_PRODUCTS_DIR; };
		0DD0ED012E73273300E9819F /* ProgressPicTests.xctest */ = {isa = PBXFileReference; explicitFileType = wrapper.cfbundle; includeInIndex = 0; path = ProgressPicTests.xctest; sourceTree = BUILT_PRODUCTS_DIR; };
		0DD0ED0B2E73273300E9819F /* ProgressPicUITests.xctest */ = {isa = PBXFileReference; explicitFileType = wrapper.cfbundle; includeInIndex = 0; path = ProgressPicUITests.xctest; sourceTree = BUILT_PRODUCTS_DIR; };
		0DE78B882EC78D8500821E6C /* IntegrationWorkflowTests.swift */ = {isa = PBXFileReference; lastKnownFileType = sourcecode.swift; path = IntegrationWorkflowTests.swift; sourceTree = "<group>"; };
		0DE78B892EC78D8500821E6C /* PhotoStoreTests.swift */ = {isa = PBXFileReference; lastKnownFileType = sourcecode.swift; path = PhotoStoreTests.swift; sourceTree = "<group>"; };
		0DE78B8B2EC78D8500821E6C /* PerformanceBenchmarkTests.swift */ = {isa = PBXFileReference; lastKnownFileType = sourcecode.swift; path = PerformanceBenchmarkTests.swift; sourceTree = "<group>"; };
		0DE78B8D2EC78D8500821E6C /* AppConstantsTests.swift */ = {isa = PBXFileReference; lastKnownFileType = sourcecode.swift; path = AppConstantsTests.swift; sourceTree = "<group>"; };
		0DE78B8F2EC78D8500821E6C /* AlignTransformTests.swift */ = {isa = PBXFileReference; lastKnownFileType = sourcecode.swift; path = AlignTransformTests.swift; sourceTree = "<group>"; };
		0DE78B902EC78D8500821E6C /* MeasurementTypeTests.swift */ = {isa = PBXFileReference; lastKnownFileType = sourcecode.swift; path = MeasurementTypeTests.swift; sourceTree = "<group>"; };
		0DE78B912EC78D8500821E6C /* MeasureUnitTests.swift */ = {isa = PBXFileReference; lastKnownFileType = sourcecode.swift; path = MeasureUnitTests.swift; sourceTree = "<group>"; };
		0DE78B922EC78D8500821E6C /* ModelRelationshipTests.swift */ = {isa = PBXFileReference; lastKnownFileType = sourcecode.swift; path = ModelRelationshipTests.swift; sourceTree = "<group>"; };
		0DE78B932EC78D8500821E6C /* UserProfileTests.swift */ = {isa = PBXFileReference; lastKnownFileType = sourcecode.swift; path = UserProfileTests.swift; sourceTree = "<group>"; };
		0DE78B952EC78D8500821E6C /* CameraServiceTests.swift */ = {isa = PBXFileReference; lastKnownFileType = sourcecode.swift; path = CameraServiceTests.swift; sourceTree = "<group>"; };
		0DE78B962EC78D8500821E6C /* HealthKitServiceTests.swift */ = {isa = PBXFileReference; lastKnownFileType = sourcecode.swift; path = HealthKitServiceTests.swift; sourceTree = "<group>"; };
		0DE78B972EC78D8500821E6C /* ReviewAndReminderServicesTests.swift */ = {isa = PBXFileReference; lastKnownFileType = sourcecode.swift; path = ReviewAndReminderServicesTests.swift; sourceTree = "<group>"; };
		0DE78B992EC78D8500821E6C /* DateFormattersTests.swift */ = {isa = PBXFileReference; lastKnownFileType = sourcecode.swift; path = DateFormattersTests.swift; sourceTree = "<group>"; };
		0DE78B9A2EC78D8500821E6C /* HapticFeedbackTests.swift */ = {isa = PBXFileReference; lastKnownFileType = sourcecode.swift; path = HapticFeedbackTests.swift; sourceTree = "<group>"; };
		0DE78B9B2EC78D8500821E6C /* StatsFormattersTests.swift */ = {isa = PBXFileReference; lastKnownFileType = sourcecode.swift; path = StatsFormattersTests.swift; sourceTree = "<group>"; };
		0DE78B9D2EC78D8500821E6C /* CameraViewModelTests.swift */ = {isa = PBXFileReference; lastKnownFileType = sourcecode.swift; path = CameraViewModelTests.swift; sourceTree = "<group>"; };
		0DE78BA02EC78D8500821E6C /* README.md */ = {isa = PBXFileReference; lastKnownFileType = net.daringfireball.markdown; path = README.md; sourceTree = "<group>"; };
/* End PBXFileReference section */

/* Begin PBXFileSystemSynchronizedBuildFileExceptionSet section */
		0DD0ECFA2E73273200E9819F /* Exceptions for "ProgressPic" folder in "ProgressPic" target */ = {
			isa = PBXFileSystemSynchronizedBuildFileExceptionSet;
			membershipExceptions = (
				Resources/ProgressPicInfo.plist,
			);
			target = 0DD0ECF32E73273200E9819F /* ProgressPic */;
		};
/* End PBXFileSystemSynchronizedBuildFileExceptionSet section */

/* Begin PBXFileSystemSynchronizedRootGroup section */
		0DD0ECF62E73273200E9819F /* ProgressPic */ = {
			isa = PBXFileSystemSynchronizedRootGroup;
			exceptions = (
				0DD0ECFA2E73273200E9819F /* Exceptions for "ProgressPic" folder in "ProgressPic" target */,
			);
			path = ProgressPic;
			sourceTree = "<group>";
		};
/* End PBXFileSystemSynchronizedRootGroup section */

/* Begin PBXFrameworksBuildPhase section */
		0DD0ECF12E73273200E9819F /* Frameworks */ = {
			isa = PBXFrameworksBuildPhase;
			buildActionMask = 2147483647;
			files = (
			);
			runOnlyForDeploymentPostprocessing = 0;
		};
		0DD0ECFE2E73273300E9819F /* Frameworks */ = {
			isa = PBXFrameworksBuildPhase;
			buildActionMask = 2147483647;
			files = (
			);
			runOnlyForDeploymentPostprocessing = 0;
		};
		0DD0ED082E73273300E9819F /* Frameworks */ = {
			isa = PBXFrameworksBuildPhase;
			buildActionMask = 2147483647;
			files = (
			);
			runOnlyForDeploymentPostprocessing = 0;
		};
/* End PBXFrameworksBuildPhase section */

/* Begin PBXGroup section */
		0DD0ECEB2E73273200E9819F = {
			isa = PBXGroup;
			children = (
				0DD0ECF52E73273200E9819F /* Products */,
				0DD0ECF62E73273200E9819F /* ProgressPic */,
				0DE78BA12EC78D8500821E6C /* ProgressPicTests */,
			);
			sourceTree = "<group>";
		};
		0DD0ECF52E73273200E9819F /* Products */ = {
			isa = PBXGroup;
			children = (
				0DD0ECF42E73273200E9819F /* ProgressPic.app */,
				0DD0ED012E73273300E9819F /* ProgressPicTests.xctest */,
				0DD0ED0B2E73273300E9819F /* ProgressPicUITests.xctest */,
			);
			name = Products;
			sourceTree = "<group>";
		};
		0DE78B8A2EC78D8500821E6C /* Integration */ = {
			isa = PBXGroup;
			children = (
				0DE78B882EC78D8500821E6C /* IntegrationWorkflowTests.swift */,
				0DE78B892EC78D8500821E6C /* PhotoStoreTests.swift */,
			);
			path = Integration;
			sourceTree = "<group>";
		};
		0DE78B8C2EC78D8500821E6C /* Performance */ = {
			isa = PBXGroup;
			children = (
				0DE78B8B2EC78D8500821E6C /* PerformanceBenchmarkTests.swift */,
			);
			path = Performance;
			sourceTree = "<group>";
		};
		0DE78B8E2EC78D8500821E6C /* Configuration */ = {
			isa = PBXGroup;
			children = (
				0DE78B8D2EC78D8500821E6C /* AppConstantsTests.swift */,
			);
			path = Configuration;
			sourceTree = "<group>";
		};
		0DE78B942EC78D8500821E6C /* Models */ = {
			isa = PBXGroup;
			children = (
				0DE78B8F2EC78D8500821E6C /* AlignTransformTests.swift */,
				0DE78B902EC78D8500821E6C /* MeasurementTypeTests.swift */,
				0DE78B912EC78D8500821E6C /* MeasureUnitTests.swift */,
				0DE78B922EC78D8500821E6C /* ModelRelationshipTests.swift */,
				0DE78B932EC78D8500821E6C /* UserProfileTests.swift */,
			);
			path = Models;
			sourceTree = "<group>";
		};
		0DE78B982EC78D8500821E6C /* Services */ = {
			isa = PBXGroup;
			children = (
				0DE78B952EC78D8500821E6C /* CameraServiceTests.swift */,
				0DE78B962EC78D8500821E6C /* HealthKitServiceTests.swift */,
				0DE78B972EC78D8500821E6C /* ReviewAndReminderServicesTests.swift */,
			);
			path = Services;
			sourceTree = "<group>";
		};
		0DE78B9C2EC78D8500821E6C /* Utilities */ = {
			isa = PBXGroup;
			children = (
				0DE78B992EC78D8500821E6C /* DateFormattersTests.swift */,
				0DE78B9A2EC78D8500821E6C /* HapticFeedbackTests.swift */,
				0DE78B9B2EC78D8500821E6C /* StatsFormattersTests.swift */,
			);
			path = Utilities;
			sourceTree = "<group>";
		};
		0DE78B9E2EC78D8500821E6C /* ViewModels */ = {
			isa = PBXGroup;
			children = (
				0DE78B9D2EC78D8500821E6C /* CameraViewModelTests.swift */,
			);
			path = ViewModels;
			sourceTree = "<group>";
		};
		0DE78B9F2EC78D8500821E6C /* Unit */ = {
			isa = PBXGroup;
			children = (
				0DE78B8E2EC78D8500821E6C /* Configuration */,
				0DE78B942EC78D8500821E6C /* Models */,
				0DE78B982EC78D8500821E6C /* Services */,
				0DE78B9C2EC78D8500821E6C /* Utilities */,
				0DE78B9E2EC78D8500821E6C /* ViewModels */,
			);
			path = Unit;
			sourceTree = "<group>";
		};
		0DE78BA12EC78D8500821E6C /* ProgressPicTests */ = {
			isa = PBXGroup;
			children = (
				0DE78B8A2EC78D8500821E6C /* Integration */,
				0DE78B8C2EC78D8500821E6C /* Performance */,
				0DE78B9F2EC78D8500821E6C /* Unit */,
				0DE78BA02EC78D8500821E6C /* README.md */,
			);
			path = ProgressPicTests;
			sourceTree = "<group>";
		};
/* End PBXGroup section */

/* Begin PBXNativeTarget section */
		0DD0ECF32E73273200E9819F /* ProgressPic */ = {
			isa = PBXNativeTarget;
			buildConfigurationList = 0DD0ED152E73273300E9819F /* Build configuration list for PBXNativeTarget "ProgressPic" */;
			buildPhases = (
				0DD0ECF02E73273200E9819F /* Sources */,
				0DD0ECF12E73273200E9819F /* Frameworks */,
				0DD0ECF22E73273200E9819F /* Resources */,
			);
			buildRules = (
			);
			dependencies = (
			);
			fileSystemSynchronizedGroups = (
				0DD0ECF62E73273200E9819F /* ProgressPic */,
			);
			name = ProgressPic;
			packageProductDependencies = (
			);
			productName = ProgressPic;
			productReference = 0DD0ECF42E73273200E9819F /* ProgressPic.app */;
			productType = "com.apple.product-type.application";
		};
		0DD0ED002E73273300E9819F /* ProgressPicTests */ = {
			isa = PBXNativeTarget;
			buildConfigurationList = 0DD0ED182E73273300E9819F /* Build configuration list for PBXNativeTarget "ProgressPicTests" */;
			buildPhases = (
				0DD0ECFD2E73273300E9819F /* Sources */,
				0DD0ECFE2E73273300E9819F /* Frameworks */,
				0DD0ECFF2E73273300E9819F /* Resources */,
			);
			buildRules = (
			);
			dependencies = (
				0DD0ED032E73273300E9819F /* PBXTargetDependency */,
			);
			name = ProgressPicTests;
			packageProductDependencies = (
			);
			productName = ProgressPicTests;
			productReference = 0DD0ED012E73273300E9819F /* ProgressPicTests.xctest */;
			productType = "com.apple.product-type.bundle.unit-test";
		};
		0DD0ED0A2E73273300E9819F /* ProgressPicUITests */ = {
			isa = PBXNativeTarget;
			buildConfigurationList = 0DD0ED1B2E73273300E9819F /* Build configuration list for PBXNativeTarget "ProgressPicUITests" */;
			buildPhases = (
				0DD0ED072E73273300E9819F /* Sources */,
				0DD0ED082E73273300E9819F /* Frameworks */,
				0DD0ED092E73273300E9819F /* Resources */,
			);
			buildRules = (
			);
			dependencies = (
				0DD0ED0D2E73273300E9819F /* PBXTargetDependency */,
			);
			name = ProgressPicUITests;
			packageProductDependencies = (
			);
			productName = ProgressPicUITests;
			productReference = 0DD0ED0B2E73273300E9819F /* ProgressPicUITests.xctest */;
			productType = "com.apple.product-type.bundle.ui-testing";
		};
/* End PBXNativeTarget section */

/* Begin PBXProject section */
		0DD0ECEC2E73273200E9819F /* Project object */ = {
			isa = PBXProject;
			attributes = {
				BuildIndependentTargetsInParallel = 1;
				LastSwiftUpdateCheck = 1640;
				LastUpgradeCheck = 2600;
				TargetAttributes = {
					0DD0ECF32E73273200E9819F = {
						CreatedOnToolsVersion = 16.4;
					};
					0DD0ED002E73273300E9819F = {
						CreatedOnToolsVersion = 16.4;
						TestTargetID = 0DD0ECF32E73273200E9819F;
					};
					0DD0ED0A2E73273300E9819F = {
						CreatedOnToolsVersion = 16.4;
						TestTargetID = 0DD0ECF32E73273200E9819F;
					};
				};
			};
			buildConfigurationList = 0DD0ECEF2E73273200E9819F /* Build configuration list for PBXProject "ProgressPic" */;
			developmentRegion = en;
			hasScannedForEncodings = 0;
			knownRegions = (
				en,
				Base,
			);
			mainGroup = 0DD0ECEB2E73273200E9819F;
			minimizedProjectReferenceProxies = 1;
			preferredProjectObjectVersion = 77;
			productRefGroup = 0DD0ECF52E73273200E9819F /* Products */;
			projectDirPath = "";
			projectRoot = "";
			targets = (
				0DD0ECF32E73273200E9819F /* ProgressPic */,
				0DD0ED002E73273300E9819F /* ProgressPicTests */,
				0DD0ED0A2E73273300E9819F /* ProgressPicUITests */,
			);
		};
/* End PBXProject section */

/* Begin PBXResourcesBuildPhase section */
		0DD0ECF22E73273200E9819F /* Resources */ = {
			isa = PBXResourcesBuildPhase;
			buildActionMask = 2147483647;
			files = (
			);
			runOnlyForDeploymentPostprocessing = 0;
		};
		0DD0ECFF2E73273300E9819F /* Resources */ = {
			isa = PBXResourcesBuildPhase;
			buildActionMask = 2147483647;
			files = (
				0DE78BA22EC78D8500821E6C /* README.md in Resources */,
			);
			runOnlyForDeploymentPostprocessing = 0;
		};
		0DD0ED092E73273300E9819F /* Resources */ = {
			isa = PBXResourcesBuildPhase;
			buildActionMask = 2147483647;
			files = (
			);
			runOnlyForDeploymentPostprocessing = 0;
		};
/* End PBXResourcesBuildPhase section */

/* Begin PBXSourcesBuildPhase section */
		0DD0ECF02E73273200E9819F /* Sources */ = {
			isa = PBXSourcesBuildPhase;
			buildActionMask = 2147483647;
			files = (
			);
			runOnlyForDeploymentPostprocessing = 0;
		};
		0DD0ECFD2E73273300E9819F /* Sources */ = {
			isa = PBXSourcesBuildPhase;
			buildActionMask = 2147483647;
			files = (
				0DE78BA32EC78D8500821E6C /* AppConstantsTests.swift in Sources */,
				0DE78BA42EC78D8500821E6C /* IntegrationWorkflowTests.swift in Sources */,
				0DE78BA52EC78D8500821E6C /* PhotoStoreTests.swift in Sources */,
				0DE78BA62EC78D8500821E6C /* CameraViewModelTests.swift in Sources */,
				0DE78BA72EC78D8500821E6C /* CameraServiceTests.swift in Sources */,
				0DE78BA82EC78D8500821E6C /* ReviewAndReminderServicesTests.swift in Sources */,
				0DE78BA92EC78D8500821E6C /* HealthKitServiceTests.swift in Sources */,
				0DE78BAA2EC78D8500821E6C /* HapticFeedbackTests.swift in Sources */,
				0DE78BAB2EC78D8500821E6C /* DateFormattersTests.swift in Sources */,
				0DE78BAC2EC78D8500821E6C /* ModelRelationshipTests.swift in Sources */,
				0DE78BAD2EC78D8500821E6C /* StatsFormattersTests.swift in Sources */,
				0DE78BAE2EC78D8500821E6C /* MeasureUnitTests.swift in Sources */,
				0DE78BAF2EC78D8500821E6C /* UserProfileTests.swift in Sources */,
				0DE78BB02EC78D8500821E6C /* AlignTransformTests.swift in Sources */,
				0DE78BB12EC78D8500821E6C /* MeasurementTypeTests.swift in Sources */,
				0DE78BB22EC78D8500821E6C /* PerformanceBenchmarkTests.swift in Sources */,
			);
			runOnlyForDeploymentPostprocessing = 0;
		};
		0DD0ED072E73273300E9819F /* Sources */ = {
			isa = PBXSourcesBuildPhase;
			buildActionMask = 2147483647;
			files = (
			);
			runOnlyForDeploymentPostprocessing = 0;
		};
/* End PBXSourcesBuildPhase section */

/* Begin PBXTargetDependency section */
		0DD0ED032E73273300E9819F /* PBXTargetDependency */ = {
			isa = PBXTargetDependency;
			target = 0DD0ECF32E73273200E9819F /* ProgressPic */;
			targetProxy = 0DD0ED022E73273300E9819F /* PBXContainerItemProxy */;
		};
		0DD0ED0D2E73273300E9819F /* PBXTargetDependency */ = {
			isa = PBXTargetDependency;
			target = 0DD0ECF32E73273200E9819F /* ProgressPic */;
			targetProxy = 0DD0ED0C2E73273300E9819F /* PBXContainerItemProxy */;
		};
/* End PBXTargetDependency section */

/* Begin XCBuildConfiguration section */
		0DD0ED132E73273300E9819F /* Debug */ = {
			isa = XCBuildConfiguration;
			buildSettings = {
				ALWAYS_SEARCH_USER_PATHS = NO;
				ASSETCATALOG_COMPILER_GENERATE_SWIFT_ASSET_SYMBOL_EXTENSIONS = YES;
				CLANG_ANALYZER_NONNULL = YES;
				CLANG_ANALYZER_NUMBER_OBJECT_CONVERSION = YES_AGGRESSIVE;
				CLANG_CXX_LANGUAGE_STANDARD = "gnu++20";
				CLANG_ENABLE_MODULES = YES;
				CLANG_ENABLE_OBJC_ARC = YES;
				CLANG_ENABLE_OBJC_WEAK = YES;
				CLANG_WARN_BLOCK_CAPTURE_AUTORELEASING = YES;
				CLANG_WARN_BOOL_CONVERSION = YES;
				CLANG_WARN_COMMA = YES;
				CLANG_WARN_CONSTANT_CONVERSION = YES;
				CLANG_WARN_DEPRECATED_OBJC_IMPLEMENTATIONS = YES;
				CLANG_WARN_DIRECT_OBJC_ISA_USAGE = YES_ERROR;
				CLANG_WARN_DOCUMENTATION_COMMENTS = YES;
				CLANG_WARN_EMPTY_BODY = YES;
				CLANG_WARN_ENUM_CONVERSION = YES;
				CLANG_WARN_INFINITE_RECURSION = YES;
				CLANG_WARN_INT_CONVERSION = YES;
				CLANG_WARN_NON_LITERAL_NULL_CONVERSION = YES;
				CLANG_WARN_OBJC_IMPLICIT_RETAIN_SELF = YES;
				CLANG_WARN_OBJC_LITERAL_CONVERSION = YES;
				CLANG_WARN_OBJC_ROOT_CLASS = YES_ERROR;
				CLANG_WARN_QUOTED_INCLUDE_IN_FRAMEWORK_HEADER = YES;
				CLANG_WARN_RANGE_LOOP_ANALYSIS = YES;
				CLANG_WARN_STRICT_PROTOTYPES = YES;
				CLANG_WARN_SUSPICIOUS_MOVE = YES;
				CLANG_WARN_UNGUARDED_AVAILABILITY = YES_AGGRESSIVE;
				CLANG_WARN_UNREACHABLE_CODE = YES;
				CLANG_WARN__DUPLICATE_METHOD_MATCH = YES;
				COPY_PHASE_STRIP = NO;
				DEBUG_INFORMATION_FORMAT = dwarf;
				DEVELOPMENT_TEAM = H56LZ558HT;
				ENABLE_STRICT_OBJC_MSGSEND = YES;
				ENABLE_TESTABILITY = YES;
				ENABLE_USER_SCRIPT_SANDBOXING = YES;
				GCC_C_LANGUAGE_STANDARD = gnu17;
				GCC_DYNAMIC_NO_PIC = NO;
				GCC_NO_COMMON_BLOCKS = YES;
				GCC_OPTIMIZATION_LEVEL = 0;
				GCC_PREPROCESSOR_DEFINITIONS = (
					"DEBUG=1",
					"$(inherited)",
				);
				GCC_WARN_64_TO_32_BIT_CONVERSION = YES;
				GCC_WARN_ABOUT_RETURN_TYPE = YES_ERROR;
				GCC_WARN_UNDECLARED_SELECTOR = YES;
				GCC_WARN_UNINITIALIZED_AUTOS = YES_AGGRESSIVE;
				GCC_WARN_UNUSED_FUNCTION = YES;
				GCC_WARN_UNUSED_VARIABLE = YES;
				IPHONEOS_DEPLOYMENT_TARGET = 18.5;
				LOCALIZATION_PREFERS_STRING_CATALOGS = YES;
				MTL_ENABLE_DEBUG_INFO = INCLUDE_SOURCE;
				MTL_FAST_MATH = YES;
				ONLY_ACTIVE_ARCH = YES;
				SDKROOT = iphoneos;
				STRING_CATALOG_GENERATE_SYMBOLS = YES;
				SWIFT_ACTIVE_COMPILATION_CONDITIONS = "DEBUG $(inherited)";
				SWIFT_OPTIMIZATION_LEVEL = "-Onone";
			};
			name = Debug;
		};
		0DD0ED142E73273300E9819F /* Release */ = {
			isa = XCBuildConfiguration;
			buildSettings = {
				ALWAYS_SEARCH_USER_PATHS = NO;
				ASSETCATALOG_COMPILER_GENERATE_SWIFT_ASSET_SYMBOL_EXTENSIONS = YES;
				CLANG_ANALYZER_NONNULL = YES;
				CLANG_ANALYZER_NUMBER_OBJECT_CONVERSION = YES_AGGRESSIVE;
				CLANG_CXX_LANGUAGE_STANDARD = "gnu++20";
				CLANG_ENABLE_MODULES = YES;
				CLANG_ENABLE_OBJC_ARC = YES;
				CLANG_ENABLE_OBJC_WEAK = YES;
				CLANG_WARN_BLOCK_CAPTURE_AUTORELEASING = YES;
				CLANG_WARN_BOOL_CONVERSION = YES;
				CLANG_WARN_COMMA = YES;
				CLANG_WARN_CONSTANT_CONVERSION = YES;
				CLANG_WARN_DEPRECATED_OBJC_IMPLEMENTATIONS = YES;
				CLANG_WARN_DIRECT_OBJC_ISA_USAGE = YES_ERROR;
				CLANG_WARN_DOCUMENTATION_COMMENTS = YES;
				CLANG_WARN_EMPTY_BODY = YES;
				CLANG_WARN_ENUM_CONVERSION = YES;
				CLANG_WARN_INFINITE_RECURSION = YES;
				CLANG_WARN_INT_CONVERSION = YES;
				CLANG_WARN_NON_LITERAL_NULL_CONVERSION = YES;
				CLANG_WARN_OBJC_IMPLICIT_RETAIN_SELF = YES;
				CLANG_WARN_OBJC_LITERAL_CONVERSION = YES;
				CLANG_WARN_OBJC_ROOT_CLASS = YES_ERROR;
				CLANG_WARN_QUOTED_INCLUDE_IN_FRAMEWORK_HEADER = YES;
				CLANG_WARN_RANGE_LOOP_ANALYSIS = YES;
				CLANG_WARN_STRICT_PROTOTYPES = YES;
				CLANG_WARN_SUSPICIOUS_MOVE = YES;
				CLANG_WARN_UNGUARDED_AVAILABILITY = YES_AGGRESSIVE;
				CLANG_WARN_UNREACHABLE_CODE = YES;
				CLANG_WARN__DUPLICATE_METHOD_MATCH = YES;
				COPY_PHASE_STRIP = NO;
				DEBUG_INFORMATION_FORMAT = "dwarf-with-dsym";
				DEVELOPMENT_TEAM = H56LZ558HT;
				ENABLE_NS_ASSERTIONS = NO;
				ENABLE_STRICT_OBJC_MSGSEND = YES;
				ENABLE_USER_SCRIPT_SANDBOXING = YES;
				GCC_C_LANGUAGE_STANDARD = gnu17;
				GCC_NO_COMMON_BLOCKS = YES;
				GCC_WARN_64_TO_32_BIT_CONVERSION = YES;
				GCC_WARN_ABOUT_RETURN_TYPE = YES_ERROR;
				GCC_WARN_UNDECLARED_SELECTOR = YES;
				GCC_WARN_UNINITIALIZED_AUTOS = YES_AGGRESSIVE;
				GCC_WARN_UNUSED_FUNCTION = YES;
				GCC_WARN_UNUSED_VARIABLE = YES;
				IPHONEOS_DEPLOYMENT_TARGET = 18.5;
				LOCALIZATION_PREFERS_STRING_CATALOGS = YES;
				MTL_ENABLE_DEBUG_INFO = NO;
				MTL_FAST_MATH = YES;
				SDKROOT = iphoneos;
				STRING_CATALOG_GENERATE_SYMBOLS = YES;
				SWIFT_COMPILATION_MODE = wholemodule;
				VALIDATE_PRODUCT = YES;
			};
			name = Release;
		};
		0DD0ED162E73273300E9819F /* Debug */ = {
			isa = XCBuildConfiguration;
			buildSettings = {
				ASSETCATALOG_COMPILER_APPICON_NAME = ProgressPic;
				ASSETCATALOG_COMPILER_GLOBAL_ACCENT_COLOR_NAME = AccentColor;
				CODE_SIGN_ENTITLEMENTS = ProgressPic/Resources/ProgressPic.entitlements;
				CODE_SIGN_STYLE = Automatic;
				CURRENT_PROJECT_VERSION = 1;
				DEVELOPMENT_TEAM = H56LZ558HT;
				ENABLE_PREVIEWS = YES;
				GENERATE_INFOPLIST_FILE = NO;
				INFOPLIST_FILE = ProgressPic/Resources/ProgressPicInfo.plist;
				INFOPLIST_KEY_CFBundleDisplayName = ProgressPic;
				INFOPLIST_KEY_LSApplicationCategoryType = "public.app-category.healthcare-fitness";
				INFOPLIST_KEY_NSCameraUsageDescription = "Take progress photos.";
				INFOPLIST_KEY_NSPhotoLibraryAddUsageDescription = "Save captured photos.";
				INFOPLIST_KEY_NSPhotoLibraryUsageDescription = "Import your existing photos.";
				INFOPLIST_KEY_UIApplicationSceneManifest_Generation = YES;
				INFOPLIST_KEY_UIApplicationSupportsIndirectInputEvents = YES;
				INFOPLIST_KEY_UIBackgroundModes = "remote-notification";
				INFOPLIST_KEY_UILaunchScreen_Generation = YES;
				INFOPLIST_KEY_UISupportedInterfaceOrientations_iPad = "UIInterfaceOrientationPortrait UIInterfaceOrientationPortraitUpsideDown UIInterfaceOrientationLandscapeLeft UIInterfaceOrientationLandscapeRight";
				INFOPLIST_KEY_UISupportedInterfaceOrientations_iPhone = "UIInterfaceOrientationPortrait UIInterfaceOrientationLandscapeLeft UIInterfaceOrientationLandscapeRight";
				IPHONEOS_DEPLOYMENT_TARGET = 17.0;
				LD_RUNPATH_SEARCH_PATHS = (
					"$(inherited)",
					"@executable_path/Frameworks",
				);
				MARKETING_VERSION = 1.0;
				PRODUCT_BUNDLE_IDENTIFIER = Edgar.ProgressPic;
				PRODUCT_NAME = "$(TARGET_NAME)";
				SWIFT_EMIT_LOC_STRINGS = YES;
				SWIFT_VERSION = 5.0;
				TARGETED_DEVICE_FAMILY = "1,2";
			};
			name = Debug;
		};
		0DD0ED172E73273300E9819F /* Release */ = {
			isa = XCBuildConfiguration;
			buildSettings = {
				ASSETCATALOG_COMPILER_APPICON_NAME = ProgressPic;
				ASSETCATALOG_COMPILER_GLOBAL_ACCENT_COLOR_NAME = AccentColor;
				CODE_SIGN_ENTITLEMENTS = ProgressPic/Resources/ProgressPic.entitlements;
				CODE_SIGN_STYLE = Automatic;
				CURRENT_PROJECT_VERSION = 1;
				DEVELOPMENT_TEAM = H56LZ558HT;
				ENABLE_PREVIEWS = YES;
				GENERATE_INFOPLIST_FILE = NO;
				INFOPLIST_FILE = ProgressPic/Resources/ProgressPicInfo.plist;
				INFOPLIST_KEY_CFBundleDisplayName = ProgressPic;
				INFOPLIST_KEY_LSApplicationCategoryType = "public.app-category.healthcare-fitness";
				INFOPLIST_KEY_NSCameraUsageDescription = "Take progress photos.";
				INFOPLIST_KEY_NSPhotoLibraryAddUsageDescription = "Save captured photos.";
				INFOPLIST_KEY_NSPhotoLibraryUsageDescription = "Import your existing photos.";
				INFOPLIST_KEY_UIApplicationSceneManifest_Generation = YES;
				INFOPLIST_KEY_UIApplicationSupportsIndirectInputEvents = YES;
				INFOPLIST_KEY_UIBackgroundModes = "remote-notification";
				INFOPLIST_KEY_UILaunchScreen_Generation = YES;
				INFOPLIST_KEY_UISupportedInterfaceOrientations_iPad = "UIInterfaceOrientationPortrait UIInterfaceOrientationPortraitUpsideDown UIInterfaceOrientationLandscapeLeft UIInterfaceOrientationLandscapeRight";
				INFOPLIST_KEY_UISupportedInterfaceOrientations_iPhone = "UIInterfaceOrientationPortrait UIInterfaceOrientationLandscapeLeft UIInterfaceOrientationLandscapeRight";
				IPHONEOS_DEPLOYMENT_TARGET = 17.0;
				LD_RUNPATH_SEARCH_PATHS = (
					"$(inherited)",
					"@executable_path/Frameworks",
				);
				MARKETING_VERSION = 1.0;
				PRODUCT_BUNDLE_IDENTIFIER = Edgar.ProgressPic;
				PRODUCT_NAME = "$(TARGET_NAME)";
				SWIFT_EMIT_LOC_STRINGS = YES;
				SWIFT_VERSION = 5.0;
				TARGETED_DEVICE_FAMILY = "1,2";
			};
			name = Release;
		};
		0DD0ED192E73273300E9819F /* Debug */ = {
			isa = XCBuildConfiguration;
			buildSettings = {
				BUNDLE_LOADER = "$(TEST_HOST)";
				CODE_SIGN_STYLE = Automatic;
				CURRENT_PROJECT_VERSION = 1;
				DEVELOPMENT_TEAM = H56LZ558HT;
				GENERATE_INFOPLIST_FILE = YES;
				IPHONEOS_DEPLOYMENT_TARGET = 18.5;
				MARKETING_VERSION = 1.0;
				PRODUCT_BUNDLE_IDENTIFIER = Edgar.ProgressPicTests;
				PRODUCT_NAME = "$(TARGET_NAME)";
				SWIFT_EMIT_LOC_STRINGS = NO;
				SWIFT_VERSION = 5.0;
				TARGETED_DEVICE_FAMILY = "1,2";
				TEST_HOST = "$(BUILT_PRODUCTS_DIR)/ProgressPic.app/$(BUNDLE_EXECUTABLE_FOLDER_PATH)/ProgressPic";
			};
			name = Debug;
		};
		0DD0ED1A2E73273300E9819F /* Release */ = {
			isa = XCBuildConfiguration;
			buildSettings = {
				BUNDLE_LOADER = "$(TEST_HOST)";
				CODE_SIGN_STYLE = Automatic;
				CURRENT_PROJECT_VERSION = 1;
				DEVELOPMENT_TEAM = H56LZ558HT;
				GENERATE_INFOPLIST_FILE = YES;
				IPHONEOS_DEPLOYMENT_TARGET = 18.5;
				MARKETING_VERSION = 1.0;
				PRODUCT_BUNDLE_IDENTIFIER = Edgar.ProgressPicTests;
				PRODUCT_NAME = "$(TARGET_NAME)";
				SWIFT_EMIT_LOC_STRINGS = NO;
				SWIFT_VERSION = 5.0;
				TARGETED_DEVICE_FAMILY = "1,2";
				TEST_HOST = "$(BUILT_PRODUCTS_DIR)/ProgressPic.app/$(BUNDLE_EXECUTABLE_FOLDER_PATH)/ProgressPic";
			};
			name = Release;
		};
		0DD0ED1C2E73273300E9819F /* Debug */ = {
			isa = XCBuildConfiguration;
			buildSettings = {
				CODE_SIGN_STYLE = Automatic;
				CURRENT_PROJECT_VERSION = 1;
				DEVELOPMENT_TEAM = H56LZ558HT;
				GENERATE_INFOPLIST_FILE = YES;
				MARKETING_VERSION = 1.0;
				PRODUCT_BUNDLE_IDENTIFIER = Edgar.ProgressPicUITests;
				PRODUCT_NAME = "$(TARGET_NAME)";
				SWIFT_EMIT_LOC_STRINGS = NO;
				SWIFT_VERSION = 5.0;
				TARGETED_DEVICE_FAMILY = "1,2";
				TEST_TARGET_NAME = ProgressPic;
			};
			name = Debug;
		};
		0DD0ED1D2E73273300E9819F /* Release */ = {
			isa = XCBuildConfiguration;
			buildSettings = {
				CODE_SIGN_STYLE = Automatic;
				CURRENT_PROJECT_VERSION = 1;
				DEVELOPMENT_TEAM = H56LZ558HT;
				GENERATE_INFOPLIST_FILE = YES;
				MARKETING_VERSION = 1.0;
				PRODUCT_BUNDLE_IDENTIFIER = Edgar.ProgressPicUITests;
				PRODUCT_NAME = "$(TARGET_NAME)";
				SWIFT_EMIT_LOC_STRINGS = NO;
				SWIFT_VERSION = 5.0;
				TARGETED_DEVICE_FAMILY = "1,2";
				TEST_TARGET_NAME = ProgressPic;
			};
			name = Release;
		};
/* End XCBuildConfiguration section */

/* Begin XCConfigurationList section */
		0DD0ECEF2E73273200E9819F /* Build configuration list for PBXProject "ProgressPic" */ = {
			isa = XCConfigurationList;
			buildConfigurations = (
				0DD0ED132E73273300E9819F /* Debug */,
				0DD0ED142E73273300E9819F /* Release */,
			);
			defaultConfigurationIsVisible = 0;
			defaultConfigurationName = Release;
		};
		0DD0ED152E73273300E9819F /* Build configuration list for PBXNativeTarget "ProgressPic" */ = {
			isa = XCConfigurationList;
			buildConfigurations = (
				0DD0ED162E73273300E9819F /* Debug */,
				0DD0ED172E73273300E9819F /* Release */,
			);
			defaultConfigurationIsVisible = 0;
			defaultConfigurationName = Release;
		};
		0DD0ED182E73273300E9819F /* Build configuration list for PBXNativeTarget "ProgressPicTests" */ = {
			isa = XCConfigurationList;
			buildConfigurations = (
				0DD0ED192E73273300E9819F /* Debug */,
				0DD0ED1A2E73273300E9819F /* Release */,
			);
			defaultConfigurationIsVisible = 0;
			defaultConfigurationName = Release;
		};
		0DD0ED1B2E73273300E9819F /* Build configuration list for PBXNativeTarget "ProgressPicUITests" */ = {
			isa = XCConfigurationList;
			buildConfigurations = (
				0DD0ED1C2E73273300E9819F /* Debug */,
				0DD0ED1D2E73273300E9819F /* Release */,
			);
			defaultConfigurationIsVisible = 0;
			defaultConfigurationName = Release;
		};
/* End XCConfigurationList section */
	};
	rootObject = 0DD0ECEC2E73273200E9819F /* Project object */;
}
